
Microsoft Visual Studio Solution File, Format Version 12.00
# Visual Studio Version 17
VisualStudioVersion = 17.8.34330.188
MinimumVisualStudioVersion = 10.0.40219.1
Project("{FAE04EC0-301F-11D3-BF4B-00C04F79EFBC}") = "CustomerWebApplication", "CustomerWebApplication\CustomerWebApplication.csproj", "{94893F17-1919-4E54-99F9-4F3B257C5C3B}"
EndProject
Global
	GlobalSection(SolutionConfigurationPlatforms) = preSolution
		Debug|Any CPU = Debug|Any CPU
		Release|Any CPU = Release|Any CPU
	EndGlobalSection
	GlobalSection(ProjectConfigurationPlatforms) = postSolution
		{94893F17-1919-4E54-99F9-4F3B257C5C3B}.Debug|Any CPU.ActiveCfg = Debug|Any CPU
		{94893F17-1919-4E54-99F9-4F3B257C5C3B}.Debug|Any CPU.Build.0 = Debug|Any CPU
		{94893F17-1919-4E54-99F9-4F3B257C5C3B}.Release|Any CPU.ActiveCfg = Release|Any CPU
		{94893F17-1919-4E54-99F9-4F3B257C5C3B}.Release|Any CPU.Build.0 = Release|Any CPU
	EndGlobalSection
	GlobalSection(SolutionProperties) = preSolution
		HideSolutionNode = FALSE
	EndGlobalSection
	GlobalSection(ExtensibilityGlobals) = postSolution
		SolutionGuid = {C576179B-15E8-4C7F-97C6-BF870A941B6C}
	EndGlobalSection
EndGlobal
